
Microsoft Visual Studio Solution File, Format Version 12.00
# Visual Studio 15
VisualStudioVersion = 15.0.27004.2009
MinimumVisualStudioVersion = 10.0.40219.1
Project("{D954291E-2A0B-460D-934E-DC6B0785DB48}") = "ColorBrowser", "ColorBrowser\ColorBrowser\ColorBrowser.shproj", "{040C3BE6-F3E9-4638-ABDC-CC950D121290}"
EndProject
Project("{FAE04EC0-301F-11D3-BF4B-00C04F79EFBC}") = "ColorBrowser.Android", "ColorBrowser\ColorBrowser.Android\ColorBrowser.Android.csproj", "{31AE3129-CCC0-4E3F-A0CD-32A289447A99}"
EndProject
Project("{FAE04EC0-301F-11D3-BF4B-00C04F79EFBC}") = "ColorBrowser.iOS", "ColorBrowser\ColorBrowser.iOS\ColorBrowser.iOS.csproj", "{7DE6206E-EE57-4D60-8007-E88D497AFDFE}"
EndProject
Project("{FAE04EC0-301F-11D3-BF4B-00C04F79EFBC}") = "ColorBrowser.UWP", "ColorBrowser\ColorBrowser.UWP\ColorBrowser.UWP.csproj", "{DC9D6EDC-8ADA-4B89-8217-F931EC137A14}"
EndProject
Global
	GlobalSection(SharedMSBuildProjectFiles) = preSolution
		ColorBrowser\ColorBrowser\ColorBrowser.projitems*{040c3be6-f3e9-4638-abdc-cc950d121290}*SharedItemsImports = 13
		ColorBrowser\ColorBrowser\ColorBrowser.projitems*{31ae3129-ccc0-4e3f-a0cd-32a289447a99}*SharedItemsImports = 4
		ColorBrowser\ColorBrowser\ColorBrowser.projitems*{7de6206e-ee57-4d60-8007-e88d497afdfe}*SharedItemsImports = 4
		ColorBrowser\ColorBrowser\ColorBrowser.projitems*{dc9d6edc-8ada-4b89-8217-f931ec137a14}*SharedItemsImports = 4
	EndGlobalSection
	GlobalSection(SolutionConfigurationPlatforms) = preSolution
		Ad-Hoc|Any CPU = Ad-Hoc|Any CPU
		Ad-Hoc|ARM = Ad-Hoc|ARM
		Ad-Hoc|iPhone = Ad-Hoc|iPhone
		Ad-Hoc|iPhoneSimulator = Ad-Hoc|iPhoneSimulator
		Ad-Hoc|x64 = Ad-Hoc|x64
		Ad-Hoc|x86 = Ad-Hoc|x86
		AppStore|Any CPU = AppStore|Any CPU
		AppStore|ARM = AppStore|ARM
		AppStore|iPhone = AppStore|iPhone
		AppStore|iPhoneSimulator = AppStore|iPhoneSimulator
		AppStore|x64 = AppStore|x64
		AppStore|x86 = AppStore|x86
		Debug|Any CPU = Debug|Any CPU
		Debug|ARM = Debug|ARM
		Debug|iPhone = Debug|iPhone
		Debug|iPhoneSimulator = Debug|iPhoneSimulator
		Debug|x64 = Debug|x64
		Debug|x86 = Debug|x86
		Release|Any CPU = Release|Any CPU
		Release|ARM = Release|ARM
		Release|iPhone = Release|iPhone
		Release|iPhoneSimulator = Release|iPhoneSimulator
		Release|x64 = Release|x64
		Release|x86 = Release|x86
	EndGlobalSection
	GlobalSection(ProjectConfigurationPlatforms) = postSolution
		{31AE3129-CCC0-4E3F-A0CD-32A289447A99}.Ad-Hoc|Any CPU.ActiveCfg = Release|Any CPU
		{31AE3129-CCC0-4E3F-A0CD-32A289447A99}.Ad-Hoc|Any CPU.Build.0 = Release|Any CPU
		{31AE3129-CCC0-4E3F-A0CD-32A289447A99}.Ad-Hoc|Any CPU.Deploy.0 = Release|Any CPU
		{31AE3129-CCC0-4E3F-A0CD-32A289447A99}.Ad-Hoc|ARM.ActiveCfg = Release|Any CPU
		{31AE3129-CCC0-4E3F-A0CD-32A289447A99}.Ad-Hoc|ARM.Build.0 = Release|Any CPU
		{31AE3129-CCC0-4E3F-A0CD-32A289447A99}.Ad-Hoc|ARM.Deploy.0 = Release|Any CPU
		{31AE3129-CCC0-4E3F-A0CD-32A289447A99}.Ad-Hoc|iPhone.ActiveCfg = Release|Any CPU
		{31AE3129-CCC0-4E3F-A0CD-32A289447A99}.Ad-Hoc|iPhone.Build.0 = Release|Any CPU
		{31AE3129-CCC0-4E3F-A0CD-32A289447A99}.Ad-Hoc|iPhone.Deploy.0 = Release|Any CPU
		{31AE3129-CCC0-4E3F-A0CD-32A289447A99}.Ad-Hoc|iPhoneSimulator.ActiveCfg = Release|Any CPU
		{31AE3129-CCC0-4E3F-A0CD-32A289447A99}.Ad-Hoc|iPhoneSimulator.Build.0 = Release|Any CPU
		{31AE3129-CCC0-4E3F-A0CD-32A289447A99}.Ad-Hoc|iPhoneSimulator.Deploy.0 = Release|Any CPU
		{31AE3129-CCC0-4E3F-A0CD-32A289447A99}.Ad-Hoc|x64.ActiveCfg = Release|Any CPU
		{31AE3129-CCC0-4E3F-A0CD-32A289447A99}.Ad-Hoc|x64.Build.0 = Release|Any CPU
		{31AE3129-CCC0-4E3F-A0CD-32A289447A99}.Ad-Hoc|x64.Deploy.0 = Release|Any CPU
		{31AE3129-CCC0-4E3F-A0CD-32A289447A99}.Ad-Hoc|x86.ActiveCfg = Release|Any CPU
		{31AE3129-CCC0-4E3F-A0CD-32A289447A99}.Ad-Hoc|x86.Build.0 = Release|Any CPU
		{31AE3129-CCC0-4E3F-A0CD-32A289447A99}.Ad-Hoc|x86.Deploy.0 = Release|Any CPU
		{31AE3129-CCC0-4E3F-A0CD-32A289447A99}.AppStore|Any CPU.ActiveCfg = Release|Any CPU
		{31AE3129-CCC0-4E3F-A0CD-32A289447A99}.AppStore|Any CPU.Build.0 = Release|Any CPU
		{31AE3129-CCC0-4E3F-A0CD-32A289447A99}.AppStore|Any CPU.Deploy.0 = Release|Any CPU
		{31AE3129-CCC0-4E3F-A0CD-32A289447A99}.AppStore|ARM.ActiveCfg = Release|Any CPU
		{31AE3129-CCC0-4E3F-A0CD-32A289447A99}.AppStore|ARM.Build.0 = Release|Any CPU
		{31AE3129-CCC0-4E3F-A0CD-32A289447A99}.AppStore|ARM.Deploy.0 = Release|Any CPU
		{31AE3129-CCC0-4E3F-A0CD-32A289447A99}.AppStore|iPhone.ActiveCfg = Release|Any CPU
		{31AE3129-CCC0-4E3F-A0CD-32A289447A99}.AppStore|iPhone.Build.0 = Release|Any CPU
		{31AE3129-CCC0-4E3F-A0CD-32A289447A99}.AppStore|iPhone.Deploy.0 = Release|Any CPU
		{31AE3129-CCC0-4E3F-A0CD-32A289447A99}.AppStore|iPhoneSimulator.ActiveCfg = Release|Any CPU
		{31AE3129-CCC0-4E3F-A0CD-32A289447A99}.AppStore|iPhoneSimulator.Build.0 = Release|Any CPU
		{31AE3129-CCC0-4E3F-A0CD-32A289447A99}.AppStore|iPhoneSimulator.Deploy.0 = Release|Any CPU
		{31AE3129-CCC0-4E3F-A0CD-32A289447A99}.AppStore|x64.ActiveCfg = Release|Any CPU
		{31AE3129-CCC0-4E3F-A0CD-32A289447A99}.AppStore|x64.Build.0 = Release|Any CPU
		{31AE3129-CCC0-4E3F-A0CD-32A289447A99}.AppStore|x64.Deploy.0 = Release|Any CPU
		{31AE3129-CCC0-4E3F-A0CD-32A289447A99}.AppStore|x86.ActiveCfg = Release|Any CPU
		{31AE3129-CCC0-4E3F-A0CD-32A289447A99}.AppStore|x86.Build.0 = Release|Any CPU
		{31AE3129-CCC0-4E3F-A0CD-32A289447A99}.AppStore|x86.Deploy.0 = Release|Any CPU
		{31AE3129-CCC0-4E3F-A0CD-32A289447A99}.Debug|Any CPU.ActiveCfg = Debug|Any CPU
		{31AE3129-CCC0-4E3F-A0CD-32A289447A99}.Debug|Any CPU.Build.0 = Debug|Any CPU
		{31AE3129-CCC0-4E3F-A0CD-32A289447A99}.Debug|Any CPU.Deploy.0 = Debug|Any CPU
		{31AE3129-CCC0-4E3F-A0CD-32A289447A99}.Debug|ARM.ActiveCfg = Debug|Any CPU
		{31AE3129-CCC0-4E3F-A0CD-32A289447A99}.Debug|ARM.Build.0 = Debug|Any CPU
		{31AE3129-CCC0-4E3F-A0CD-32A289447A99}.Debug|ARM.Deploy.0 = Debug|Any CPU
		{31AE3129-CCC0-4E3F-A0CD-32A289447A99}.Debug|iPhone.ActiveCfg = Debug|Any CPU
		{31AE3129-CCC0-4E3F-A0CD-32A289447A99}.Debug|iPhone.Build.0 = Debug|Any CPU
		{31AE3129-CCC0-4E3F-A0CD-32A289447A99}.Debug|iPhone.Deploy.0 = Debug|Any CPU
		{31AE3129-CCC0-4E3F-A0CD-32A289447A99}.Debug|iPhoneSimulator.ActiveCfg = Debug|Any CPU
		{31AE3129-CCC0-4E3F-A0CD-32A289447A99}.Debug|iPhoneSimulator.Build.0 = Debug|Any CPU
		{31AE3129-CCC0-4E3F-A0CD-32A289447A99}.Debug|iPhoneSimulator.Deploy.0 = Debug|Any CPU
		{31AE3129-CCC0-4E3F-A0CD-32A289447A99}.Debug|x64.ActiveCfg = Debug|Any CPU
		{31AE3129-CCC0-4E3F-A0CD-32A289447A99}.Debug|x64.Build.0 = Debug|Any CPU
		{31AE3129-CCC0-4E3F-A0CD-32A289447A99}.Debug|x64.Deploy.0 = Debug|Any CPU
		{31AE3129-CCC0-4E3F-A0CD-32A289447A99}.Debug|x86.ActiveCfg = Debug|Any CPU
		{31AE3129-CCC0-4E3F-A0CD-32A289447A99}.Debug|x86.Build.0 = Debug|Any CPU
		{31AE3129-CCC0-4E3F-A0CD-32A289447A99}.Debug|x86.Deploy.0 = Debug|Any CPU
		{31AE3129-CCC0-4E3F-A0CD-32A289447A99}.Release|Any CPU.ActiveCfg = Release|Any CPU
		{31AE3129-CCC0-4E3F-A0CD-32A289447A99}.Release|Any CPU.Build.0 = Release|Any CPU
		{31AE3129-CCC0-4E3F-A0CD-32A289447A99}.Release|Any CPU.Deploy.0 = Release|Any CPU
		{31AE3129-CCC0-4E3F-A0CD-32A289447A99}.Release|ARM.ActiveCfg = Release|Any CPU
		{31AE3129-CCC0-4E3F-A0CD-32A289447A99}.Release|ARM.Build.0 = Release|Any CPU
		{31AE3129-CCC0-4E3F-A0CD-32A289447A99}.Release|ARM.Deploy.0 = Release|Any CPU
		{31AE3129-CCC0-4E3F-A0CD-32A289447A99}.Release|iPhone.ActiveCfg = Release|Any CPU
		{31AE3129-CCC0-4E3F-A0CD-32A289447A99}.Release|iPhone.Build.0 = Release|Any CPU
		{31AE3129-CCC0-4E3F-A0CD-32A289447A99}.Release|iPhone.Deploy.0 = Release|Any CPU
		{31AE3129-CCC0-4E3F-A0CD-32A289447A99}.Release|iPhoneSimulator.ActiveCfg = Release|Any CPU
		{31AE3129-CCC0-4E3F-A0CD-32A289447A99}.Release|iPhoneSimulator.Build.0 = Release|Any CPU
		{31AE3129-CCC0-4E3F-A0CD-32A289447A99}.Release|iPhoneSimulator.Deploy.0 = Release|Any CPU
		{31AE3129-CCC0-4E3F-A0CD-32A289447A99}.Release|x64.ActiveCfg = Release|Any CPU
		{31AE3129-CCC0-4E3F-A0CD-32A289447A99}.Release|x64.Build.0 = Release|Any CPU
		{31AE3129-CCC0-4E3F-A0CD-32A289447A99}.Release|x64.Deploy.0 = Release|Any CPU
		{31AE3129-CCC0-4E3F-A0CD-32A289447A99}.Release|x86.ActiveCfg = Release|Any CPU
		{31AE3129-CCC0-4E3F-A0CD-32A289447A99}.Release|x86.Build.0 = Release|Any CPU
		{31AE3129-CCC0-4E3F-A0CD-32A289447A99}.Release|x86.Deploy.0 = Release|Any CPU
		{7DE6206E-EE57-4D60-8007-E88D497AFDFE}.Ad-Hoc|Any CPU.ActiveCfg = Ad-Hoc|iPhoneSimulator
		{7DE6206E-EE57-4D60-8007-E88D497AFDFE}.Ad-Hoc|ARM.ActiveCfg = Ad-Hoc|iPhone
		{7DE6206E-EE57-4D60-8007-E88D497AFDFE}.Ad-Hoc|iPhone.ActiveCfg = Ad-Hoc|iPhone
		{7DE6206E-EE57-4D60-8007-E88D497AFDFE}.Ad-Hoc|iPhone.Build.0 = Ad-Hoc|iPhone
		{7DE6206E-EE57-4D60-8007-E88D497AFDFE}.Ad-Hoc|iPhoneSimulator.ActiveCfg = Ad-Hoc|iPhoneSimulator
		{7DE6206E-EE57-4D60-8007-E88D497AFDFE}.Ad-Hoc|iPhoneSimulator.Build.0 = Ad-Hoc|iPhoneSimulator
		{7DE6206E-EE57-4D60-8007-E88D497AFDFE}.Ad-Hoc|x64.ActiveCfg = Ad-Hoc|iPhone
		{7DE6206E-EE57-4D60-8007-E88D497AFDFE}.Ad-Hoc|x86.ActiveCfg = Ad-Hoc|iPhone
		{7DE6206E-EE57-4D60-8007-E88D497AFDFE}.AppStore|Any CPU.ActiveCfg = AppStore|iPhoneSimulator
		{7DE6206E-EE57-4D60-8007-E88D497AFDFE}.AppStore|ARM.ActiveCfg = AppStore|iPhone
		{7DE6206E-EE57-4D60-8007-E88D497AFDFE}.AppStore|iPhone.ActiveCfg = AppStore|iPhone
		{7DE6206E-EE57-4D60-8007-E88D497AFDFE}.AppStore|iPhone.Build.0 = AppStore|iPhone
		{7DE6206E-EE57-4D60-8007-E88D497AFDFE}.AppStore|iPhoneSimulator.ActiveCfg = AppStore|iPhoneSimulator
		{7DE6206E-EE57-4D60-8007-E88D497AFDFE}.AppStore|iPhoneSimulator.Build.0 = AppStore|iPhoneSimulator
		{7DE6206E-EE57-4D60-8007-E88D497AFDFE}.AppStore|x64.ActiveCfg = AppStore|iPhone
		{7DE6206E-EE57-4D60-8007-E88D497AFDFE}.AppStore|x86.ActiveCfg = AppStore|iPhone
		{7DE6206E-EE57-4D60-8007-E88D497AFDFE}.Debug|Any CPU.ActiveCfg = Debug|iPhoneSimulator
		{7DE6206E-EE57-4D60-8007-E88D497AFDFE}.Debug|ARM.ActiveCfg = Debug|iPhone
		{7DE6206E-EE57-4D60-8007-E88D497AFDFE}.Debug|iPhone.ActiveCfg = Debug|iPhone
		{7DE6206E-EE57-4D60-8007-E88D497AFDFE}.Debug|iPhone.Build.0 = Debug|iPhone
		{7DE6206E-EE57-4D60-8007-E88D497AFDFE}.Debug|iPhoneSimulator.ActiveCfg = Debug|iPhoneSimulator
		{7DE6206E-EE57-4D60-8007-E88D497AFDFE}.Debug|iPhoneSimulator.Build.0 = Debug|iPhoneSimulator
		{7DE6206E-EE57-4D60-8007-E88D497AFDFE}.Debug|x64.ActiveCfg = Debug|iPhone
		{7DE6206E-EE57-4D60-8007-E88D497AFDFE}.Debug|x86.ActiveCfg = Debug|iPhone
		{7DE6206E-EE57-4D60-8007-E88D497AFDFE}.Release|Any CPU.ActiveCfg = Release|iPhoneSimulator
		{7DE6206E-EE57-4D60-8007-E88D497AFDFE}.Release|ARM.ActiveCfg = Release|iPhone
		{7DE6206E-EE57-4D60-8007-E88D497AFDFE}.Release|iPhone.ActiveCfg = Release|iPhone
		{7DE6206E-EE57-4D60-8007-E88D497AFDFE}.Release|iPhone.Build.0 = Release|iPhone
		{7DE6206E-EE57-4D60-8007-E88D497AFDFE}.Release|iPhoneSimulator.ActiveCfg = Release|iPhoneSimulator
		{7DE6206E-EE57-4D60-8007-E88D497AFDFE}.Release|iPhoneSimulator.Build.0 = Release|iPhoneSimulator
		{7DE6206E-EE57-4D60-8007-E88D497AFDFE}.Release|x64.ActiveCfg = Release|iPhone
		{7DE6206E-EE57-4D60-8007-E88D497AFDFE}.Release|x86.ActiveCfg = Release|iPhone
		{DC9D6EDC-8ADA-4B89-8217-F931EC137A14}.Ad-Hoc|Any CPU.ActiveCfg = Release|x86
		{DC9D6EDC-8ADA-4B89-8217-F931EC137A14}.Ad-Hoc|Any CPU.Build.0 = Release|x86
		{DC9D6EDC-8ADA-4B89-8217-F931EC137A14}.Ad-Hoc|Any CPU.Deploy.0 = Release|x86
		{DC9D6EDC-8ADA-4B89-8217-F931EC137A14}.Ad-Hoc|ARM.ActiveCfg = Release|ARM
		{DC9D6EDC-8ADA-4B89-8217-F931EC137A14}.Ad-Hoc|ARM.Build.0 = Release|ARM
		{DC9D6EDC-8ADA-4B89-8217-F931EC137A14}.Ad-Hoc|ARM.Deploy.0 = Release|ARM
		{DC9D6EDC-8ADA-4B89-8217-F931EC137A14}.Ad-Hoc|iPhone.ActiveCfg = Release|x86
		{DC9D6EDC-8ADA-4B89-8217-F931EC137A14}.Ad-Hoc|iPhone.Build.0 = Release|x86
		{DC9D6EDC-8ADA-4B89-8217-F931EC137A14}.Ad-Hoc|iPhone.Deploy.0 = Release|x86
		{DC9D6EDC-8ADA-4B89-8217-F931EC137A14}.Ad-Hoc|iPhoneSimulator.ActiveCfg = Release|x86
		{DC9D6EDC-8ADA-4B89-8217-F931EC137A14}.Ad-Hoc|iPhoneSimulator.Build.0 = Release|x86
		{DC9D6EDC-8ADA-4B89-8217-F931EC137A14}.Ad-Hoc|iPhoneSimulator.Deploy.0 = Release|x86
		{DC9D6EDC-8ADA-4B89-8217-F931EC137A14}.Ad-Hoc|x64.ActiveCfg = Release|x64
		{DC9D6EDC-8ADA-4B89-8217-F931EC137A14}.Ad-Hoc|x64.Build.0 = Release|x64
		{DC9D6EDC-8ADA-4B89-8217-F931EC137A14}.Ad-Hoc|x64.Deploy.0 = Release|x64
		{DC9D6EDC-8ADA-4B89-8217-F931EC137A14}.Ad-Hoc|x86.ActiveCfg = Release|x86
		{DC9D6EDC-8ADA-4B89-8217-F931EC137A14}.Ad-Hoc|x86.Build.0 = Release|x86
		{DC9D6EDC-8ADA-4B89-8217-F931EC137A14}.Ad-Hoc|x86.Deploy.0 = Release|x86
		{DC9D6EDC-8ADA-4B89-8217-F931EC137A14}.AppStore|Any CPU.ActiveCfg = Release|x86
		{DC9D6EDC-8ADA-4B89-8217-F931EC137A14}.AppStore|Any CPU.Build.0 = Release|x86
		{DC9D6EDC-8ADA-4B89-8217-F931EC137A14}.AppStore|Any CPU.Deploy.0 = Release|x86
		{DC9D6EDC-8ADA-4B89-8217-F931EC137A14}.AppStore|ARM.ActiveCfg = Release|ARM
		{DC9D6EDC-8ADA-4B89-8217-F931EC137A14}.AppStore|ARM.Build.0 = Release|ARM
		{DC9D6EDC-8ADA-4B89-8217-F931EC137A14}.AppStore|ARM.Deploy.0 = Release|ARM
		{DC9D6EDC-8ADA-4B89-8217-F931EC137A14}.AppStore|iPhone.ActiveCfg = Release|x86
		{DC9D6EDC-8ADA-4B89-8217-F931EC137A14}.AppStore|iPhone.Build.0 = Release|x86
		{DC9D6EDC-8ADA-4B89-8217-F931EC137A14}.AppStore|iPhone.Deploy.0 = Release|x86
		{DC9D6EDC-8ADA-4B89-8217-F931EC137A14}.AppStore|iPhoneSimulator.ActiveCfg = Release|x86
		{DC9D6EDC-8ADA-4B89-8217-F931EC137A14}.AppStore|iPhoneSimulator.Build.0 = Release|x86
		{DC9D6EDC-8ADA-4B89-8217-F931EC137A14}.AppStore|iPhoneSimulator.Deploy.0 = Release|x86
		{DC9D6EDC-8ADA-4B89-8217-F931EC137A14}.AppStore|x64.ActiveCfg = Release|x64
		{DC9D6EDC-8ADA-4B89-8217-F931EC137A14}.AppStore|x64.Build.0 = Release|x64
		{DC9D6EDC-8ADA-4B89-8217-F931EC137A14}.AppStore|x64.Deploy.0 = Release|x64
		{DC9D6EDC-8ADA-4B89-8217-F931EC137A14}.AppStore|x86.ActiveCfg = Release|x86
		{DC9D6EDC-8ADA-4B89-8217-F931EC137A14}.AppStore|x86.Build.0 = Release|x86
		{DC9D6EDC-8ADA-4B89-8217-F931EC137A14}.AppStore|x86.Deploy.0 = Release|x86
		{DC9D6EDC-8ADA-4B89-8217-F931EC137A14}.Debug|Any CPU.ActiveCfg = Debug|x86
		{DC9D6EDC-8ADA-4B89-8217-F931EC137A14}.Debug|ARM.ActiveCfg = Debug|ARM
		{DC9D6EDC-8ADA-4B89-8217-F931EC137A14}.Debug|ARM.Build.0 = Debug|ARM
		{DC9D6EDC-8ADA-4B89-8217-F931EC137A14}.Debug|ARM.Deploy.0 = Debug|ARM
		{DC9D6EDC-8ADA-4B89-8217-F931EC137A14}.Debug|iPhone.ActiveCfg = Debug|x86
		{DC9D6EDC-8ADA-4B89-8217-F931EC137A14}.Debug|iPhoneSimulator.ActiveCfg = Debug|x86
		{DC9D6EDC-8ADA-4B89-8217-F931EC137A14}.Debug|x64.ActiveCfg = Debug|x64
		{DC9D6EDC-8ADA-4B89-8217-F931EC137A14}.Debug|x64.Build.0 = Debug|x64
		{DC9D6EDC-8ADA-4B89-8217-F931EC137A14}.Debug|x64.Deploy.0 = Debug|x64
		{DC9D6EDC-8ADA-4B89-8217-F931EC137A14}.Debug|x86.ActiveCfg = Debug|x86
		{DC9D6EDC-8ADA-4B89-8217-F931EC137A14}.Debug|x86.Build.0 = Debug|x86
		{DC9D6EDC-8ADA-4B89-8217-F931EC137A14}.Debug|x86.Deploy.0 = Debug|x86
		{DC9D6EDC-8ADA-4B89-8217-F931EC137A14}.Release|Any CPU.ActiveCfg = Release|x86
		{DC9D6EDC-8ADA-4B89-8217-F931EC137A14}.Release|ARM.ActiveCfg = Release|ARM
		{DC9D6EDC-8ADA-4B89-8217-F931EC137A14}.Release|ARM.Build.0 = Release|ARM
		{DC9D6EDC-8ADA-4B89-8217-F931EC137A14}.Release|ARM.Deploy.0 = Release|ARM
		{DC9D6EDC-8ADA-4B89-8217-F931EC137A14}.Release|iPhone.ActiveCfg = Release|x86
		{DC9D6EDC-8ADA-4B89-8217-F931EC137A14}.Release|iPhoneSimulator.ActiveCfg = Release|x86
		{DC9D6EDC-8ADA-4B89-8217-F931EC137A14}.Release|x64.ActiveCfg = Release|x64
		{DC9D6EDC-8ADA-4B89-8217-F931EC137A14}.Release|x64.Build.0 = Release|x64
		{DC9D6EDC-8ADA-4B89-8217-F931EC137A14}.Release|x64.Deploy.0 = Release|x64
		{DC9D6EDC-8ADA-4B89-8217-F931EC137A14}.Release|x86.ActiveCfg = Release|x86
		{DC9D6EDC-8ADA-4B89-8217-F931EC137A14}.Release|x86.Build.0 = Release|x86
		{DC9D6EDC-8ADA-4B89-8217-F931EC137A14}.Release|x86.Deploy.0 = Release|x86
	EndGlobalSection
	GlobalSection(SolutionProperties) = preSolution
		HideSolutionNode = FALSE
	EndGlobalSection
	GlobalSection(ExtensibilityGlobals) = postSolution
		SolutionGuid = {A1CDFEB1-FEBF-480D-BB36-564B142B5A2E}
	EndGlobalSection
EndGlobal
