
Microsoft Visual Studio Solution File, Format Version 12.00
# Visual Studio 15
VisualStudioVersion = 15.0.27130.2003
MinimumVisualStudioVersion = 10.0.40219.1
Project("{FAE04EC0-301F-11D3-BF4B-00C04F79EFBC}") = "Planets.Android", "Planets\Planets.Android\Planets.Android.csproj", "{22797AF1-862F-474E-8521-593E9ECA3BD1}"
EndProject
Project("{FAE04EC0-301F-11D3-BF4B-00C04F79EFBC}") = "Planets.iOS", "Planets\Planets.iOS\Planets.iOS.csproj", "{1FC71520-4FCC-4502-99F0-33C7D3959035}"
EndProject
Project("{FAE04EC0-301F-11D3-BF4B-00C04F79EFBC}") = "Planets.UWP", "Planets\Planets.UWP\Planets.UWP.csproj", "{ACEBDE1F-126B-40CE-A5C9-3B5968BCE280}"
EndProject
Project("{9A19103F-16F7-4668-BE54-9A1E7A4F7556}") = "Planets", "Planets\Planets\Planets.csproj", "{971DF516-D433-44CC-8AED-BF3A9A479FD9}"
EndProject
Global
	GlobalSection(SolutionConfigurationPlatforms) = preSolution
		Ad-Hoc|Any CPU = Ad-Hoc|Any CPU
		Ad-Hoc|ARM = Ad-Hoc|ARM
		Ad-Hoc|iPhone = Ad-Hoc|iPhone
		Ad-Hoc|iPhoneSimulator = Ad-Hoc|iPhoneSimulator
		Ad-Hoc|x64 = Ad-Hoc|x64
		Ad-Hoc|x86 = Ad-Hoc|x86
		AppStore|Any CPU = AppStore|Any CPU
		AppStore|ARM = AppStore|ARM
		AppStore|iPhone = AppStore|iPhone
		AppStore|iPhoneSimulator = AppStore|iPhoneSimulator
		AppStore|x64 = AppStore|x64
		AppStore|x86 = AppStore|x86
		Debug|Any CPU = Debug|Any CPU
		Debug|ARM = Debug|ARM
		Debug|iPhone = Debug|iPhone
		Debug|iPhoneSimulator = Debug|iPhoneSimulator
		Debug|x64 = Debug|x64
		Debug|x86 = Debug|x86
		Release|Any CPU = Release|Any CPU
		Release|ARM = Release|ARM
		Release|iPhone = Release|iPhone
		Release|iPhoneSimulator = Release|iPhoneSimulator
		Release|x64 = Release|x64
		Release|x86 = Release|x86
	EndGlobalSection
	GlobalSection(ProjectConfigurationPlatforms) = postSolution
		{22797AF1-862F-474E-8521-593E9ECA3BD1}.Ad-Hoc|Any CPU.ActiveCfg = Release|Any CPU
		{22797AF1-862F-474E-8521-593E9ECA3BD1}.Ad-Hoc|Any CPU.Build.0 = Release|Any CPU
		{22797AF1-862F-474E-8521-593E9ECA3BD1}.Ad-Hoc|Any CPU.Deploy.0 = Release|Any CPU
		{22797AF1-862F-474E-8521-593E9ECA3BD1}.Ad-Hoc|ARM.ActiveCfg = Release|Any CPU
		{22797AF1-862F-474E-8521-593E9ECA3BD1}.Ad-Hoc|ARM.Build.0 = Release|Any CPU
		{22797AF1-862F-474E-8521-593E9ECA3BD1}.Ad-Hoc|ARM.Deploy.0 = Release|Any CPU
		{22797AF1-862F-474E-8521-593E9ECA3BD1}.Ad-Hoc|iPhone.ActiveCfg = Release|Any CPU
		{22797AF1-862F-474E-8521-593E9ECA3BD1}.Ad-Hoc|iPhone.Build.0 = Release|Any CPU
		{22797AF1-862F-474E-8521-593E9ECA3BD1}.Ad-Hoc|iPhone.Deploy.0 = Release|Any CPU
		{22797AF1-862F-474E-8521-593E9ECA3BD1}.Ad-Hoc|iPhoneSimulator.ActiveCfg = Release|Any CPU
		{22797AF1-862F-474E-8521-593E9ECA3BD1}.Ad-Hoc|iPhoneSimulator.Build.0 = Release|Any CPU
		{22797AF1-862F-474E-8521-593E9ECA3BD1}.Ad-Hoc|iPhoneSimulator.Deploy.0 = Release|Any CPU
		{22797AF1-862F-474E-8521-593E9ECA3BD1}.Ad-Hoc|x64.ActiveCfg = Release|Any CPU
		{22797AF1-862F-474E-8521-593E9ECA3BD1}.Ad-Hoc|x64.Build.0 = Release|Any CPU
		{22797AF1-862F-474E-8521-593E9ECA3BD1}.Ad-Hoc|x64.Deploy.0 = Release|Any CPU
		{22797AF1-862F-474E-8521-593E9ECA3BD1}.Ad-Hoc|x86.ActiveCfg = Release|Any CPU
		{22797AF1-862F-474E-8521-593E9ECA3BD1}.Ad-Hoc|x86.Build.0 = Release|Any CPU
		{22797AF1-862F-474E-8521-593E9ECA3BD1}.Ad-Hoc|x86.Deploy.0 = Release|Any CPU
		{22797AF1-862F-474E-8521-593E9ECA3BD1}.AppStore|Any CPU.ActiveCfg = Release|Any CPU
		{22797AF1-862F-474E-8521-593E9ECA3BD1}.AppStore|Any CPU.Build.0 = Release|Any CPU
		{22797AF1-862F-474E-8521-593E9ECA3BD1}.AppStore|Any CPU.Deploy.0 = Release|Any CPU
		{22797AF1-862F-474E-8521-593E9ECA3BD1}.AppStore|ARM.ActiveCfg = Release|Any CPU
		{22797AF1-862F-474E-8521-593E9ECA3BD1}.AppStore|ARM.Build.0 = Release|Any CPU
		{22797AF1-862F-474E-8521-593E9ECA3BD1}.AppStore|ARM.Deploy.0 = Release|Any CPU
		{22797AF1-862F-474E-8521-593E9ECA3BD1}.AppStore|iPhone.ActiveCfg = Release|Any CPU
		{22797AF1-862F-474E-8521-593E9ECA3BD1}.AppStore|iPhone.Build.0 = Release|Any CPU
		{22797AF1-862F-474E-8521-593E9ECA3BD1}.AppStore|iPhone.Deploy.0 = Release|Any CPU
		{22797AF1-862F-474E-8521-593E9ECA3BD1}.AppStore|iPhoneSimulator.ActiveCfg = Release|Any CPU
		{22797AF1-862F-474E-8521-593E9ECA3BD1}.AppStore|iPhoneSimulator.Build.0 = Release|Any CPU
		{22797AF1-862F-474E-8521-593E9ECA3BD1}.AppStore|iPhoneSimulator.Deploy.0 = Release|Any CPU
		{22797AF1-862F-474E-8521-593E9ECA3BD1}.AppStore|x64.ActiveCfg = Release|Any CPU
		{22797AF1-862F-474E-8521-593E9ECA3BD1}.AppStore|x64.Build.0 = Release|Any CPU
		{22797AF1-862F-474E-8521-593E9ECA3BD1}.AppStore|x64.Deploy.0 = Release|Any CPU
		{22797AF1-862F-474E-8521-593E9ECA3BD1}.AppStore|x86.ActiveCfg = Release|Any CPU
		{22797AF1-862F-474E-8521-593E9ECA3BD1}.AppStore|x86.Build.0 = Release|Any CPU
		{22797AF1-862F-474E-8521-593E9ECA3BD1}.AppStore|x86.Deploy.0 = Release|Any CPU
		{22797AF1-862F-474E-8521-593E9ECA3BD1}.Debug|Any CPU.ActiveCfg = Debug|Any CPU
		{22797AF1-862F-474E-8521-593E9ECA3BD1}.Debug|Any CPU.Build.0 = Debug|Any CPU
		{22797AF1-862F-474E-8521-593E9ECA3BD1}.Debug|Any CPU.Deploy.0 = Debug|Any CPU
		{22797AF1-862F-474E-8521-593E9ECA3BD1}.Debug|ARM.ActiveCfg = Debug|Any CPU
		{22797AF1-862F-474E-8521-593E9ECA3BD1}.Debug|ARM.Build.0 = Debug|Any CPU
		{22797AF1-862F-474E-8521-593E9ECA3BD1}.Debug|ARM.Deploy.0 = Debug|Any CPU
		{22797AF1-862F-474E-8521-593E9ECA3BD1}.Debug|iPhone.ActiveCfg = Debug|Any CPU
		{22797AF1-862F-474E-8521-593E9ECA3BD1}.Debug|iPhone.Build.0 = Debug|Any CPU
		{22797AF1-862F-474E-8521-593E9ECA3BD1}.Debug|iPhone.Deploy.0 = Debug|Any CPU
		{22797AF1-862F-474E-8521-593E9ECA3BD1}.Debug|iPhoneSimulator.ActiveCfg = Debug|Any CPU
		{22797AF1-862F-474E-8521-593E9ECA3BD1}.Debug|iPhoneSimulator.Build.0 = Debug|Any CPU
		{22797AF1-862F-474E-8521-593E9ECA3BD1}.Debug|iPhoneSimulator.Deploy.0 = Debug|Any CPU
		{22797AF1-862F-474E-8521-593E9ECA3BD1}.Debug|x64.ActiveCfg = Debug|Any CPU
		{22797AF1-862F-474E-8521-593E9ECA3BD1}.Debug|x64.Build.0 = Debug|Any CPU
		{22797AF1-862F-474E-8521-593E9ECA3BD1}.Debug|x64.Deploy.0 = Debug|Any CPU
		{22797AF1-862F-474E-8521-593E9ECA3BD1}.Debug|x86.ActiveCfg = Debug|Any CPU
		{22797AF1-862F-474E-8521-593E9ECA3BD1}.Debug|x86.Build.0 = Debug|Any CPU
		{22797AF1-862F-474E-8521-593E9ECA3BD1}.Debug|x86.Deploy.0 = Debug|Any CPU
		{22797AF1-862F-474E-8521-593E9ECA3BD1}.Release|Any CPU.ActiveCfg = Release|Any CPU
		{22797AF1-862F-474E-8521-593E9ECA3BD1}.Release|Any CPU.Build.0 = Release|Any CPU
		{22797AF1-862F-474E-8521-593E9ECA3BD1}.Release|Any CPU.Deploy.0 = Release|Any CPU
		{22797AF1-862F-474E-8521-593E9ECA3BD1}.Release|ARM.ActiveCfg = Release|Any CPU
		{22797AF1-862F-474E-8521-593E9ECA3BD1}.Release|ARM.Build.0 = Release|Any CPU
		{22797AF1-862F-474E-8521-593E9ECA3BD1}.Release|ARM.Deploy.0 = Release|Any CPU
		{22797AF1-862F-474E-8521-593E9ECA3BD1}.Release|iPhone.ActiveCfg = Release|Any CPU
		{22797AF1-862F-474E-8521-593E9ECA3BD1}.Release|iPhone.Build.0 = Release|Any CPU
		{22797AF1-862F-474E-8521-593E9ECA3BD1}.Release|iPhone.Deploy.0 = Release|Any CPU
		{22797AF1-862F-474E-8521-593E9ECA3BD1}.Release|iPhoneSimulator.ActiveCfg = Release|Any CPU
		{22797AF1-862F-474E-8521-593E9ECA3BD1}.Release|iPhoneSimulator.Build.0 = Release|Any CPU
		{22797AF1-862F-474E-8521-593E9ECA3BD1}.Release|iPhoneSimulator.Deploy.0 = Release|Any CPU
		{22797AF1-862F-474E-8521-593E9ECA3BD1}.Release|x64.ActiveCfg = Release|Any CPU
		{22797AF1-862F-474E-8521-593E9ECA3BD1}.Release|x64.Build.0 = Release|Any CPU
		{22797AF1-862F-474E-8521-593E9ECA3BD1}.Release|x64.Deploy.0 = Release|Any CPU
		{22797AF1-862F-474E-8521-593E9ECA3BD1}.Release|x86.ActiveCfg = Release|Any CPU
		{22797AF1-862F-474E-8521-593E9ECA3BD1}.Release|x86.Build.0 = Release|Any CPU
		{22797AF1-862F-474E-8521-593E9ECA3BD1}.Release|x86.Deploy.0 = Release|Any CPU
		{1FC71520-4FCC-4502-99F0-33C7D3959035}.Ad-Hoc|Any CPU.ActiveCfg = Ad-Hoc|iPhone
		{1FC71520-4FCC-4502-99F0-33C7D3959035}.Ad-Hoc|ARM.ActiveCfg = Ad-Hoc|iPhone
		{1FC71520-4FCC-4502-99F0-33C7D3959035}.Ad-Hoc|iPhone.ActiveCfg = Ad-Hoc|iPhone
		{1FC71520-4FCC-4502-99F0-33C7D3959035}.Ad-Hoc|iPhone.Build.0 = Ad-Hoc|iPhone
		{1FC71520-4FCC-4502-99F0-33C7D3959035}.Ad-Hoc|iPhoneSimulator.ActiveCfg = Ad-Hoc|iPhoneSimulator
		{1FC71520-4FCC-4502-99F0-33C7D3959035}.Ad-Hoc|iPhoneSimulator.Build.0 = Ad-Hoc|iPhoneSimulator
		{1FC71520-4FCC-4502-99F0-33C7D3959035}.Ad-Hoc|x64.ActiveCfg = Ad-Hoc|iPhone
		{1FC71520-4FCC-4502-99F0-33C7D3959035}.Ad-Hoc|x86.ActiveCfg = Ad-Hoc|iPhone
		{1FC71520-4FCC-4502-99F0-33C7D3959035}.AppStore|Any CPU.ActiveCfg = AppStore|iPhone
		{1FC71520-4FCC-4502-99F0-33C7D3959035}.AppStore|ARM.ActiveCfg = AppStore|iPhone
		{1FC71520-4FCC-4502-99F0-33C7D3959035}.AppStore|iPhone.ActiveCfg = AppStore|iPhone
		{1FC71520-4FCC-4502-99F0-33C7D3959035}.AppStore|iPhone.Build.0 = AppStore|iPhone
		{1FC71520-4FCC-4502-99F0-33C7D3959035}.AppStore|iPhoneSimulator.ActiveCfg = AppStore|iPhoneSimulator
		{1FC71520-4FCC-4502-99F0-33C7D3959035}.AppStore|iPhoneSimulator.Build.0 = AppStore|iPhoneSimulator
		{1FC71520-4FCC-4502-99F0-33C7D3959035}.AppStore|x64.ActiveCfg = AppStore|iPhone
		{1FC71520-4FCC-4502-99F0-33C7D3959035}.AppStore|x86.ActiveCfg = AppStore|iPhone
		{1FC71520-4FCC-4502-99F0-33C7D3959035}.Debug|Any CPU.ActiveCfg = Debug|iPhone
		{1FC71520-4FCC-4502-99F0-33C7D3959035}.Debug|ARM.ActiveCfg = Debug|iPhone
		{1FC71520-4FCC-4502-99F0-33C7D3959035}.Debug|iPhone.ActiveCfg = Debug|iPhone
		{1FC71520-4FCC-4502-99F0-33C7D3959035}.Debug|iPhone.Build.0 = Debug|iPhone
		{1FC71520-4FCC-4502-99F0-33C7D3959035}.Debug|iPhoneSimulator.ActiveCfg = Debug|iPhoneSimulator
		{1FC71520-4FCC-4502-99F0-33C7D3959035}.Debug|iPhoneSimulator.Build.0 = Debug|iPhoneSimulator
		{1FC71520-4FCC-4502-99F0-33C7D3959035}.Debug|x64.ActiveCfg = Debug|iPhone
		{1FC71520-4FCC-4502-99F0-33C7D3959035}.Debug|x86.ActiveCfg = Debug|iPhone
		{1FC71520-4FCC-4502-99F0-33C7D3959035}.Release|Any CPU.ActiveCfg = Release|iPhone
		{1FC71520-4FCC-4502-99F0-33C7D3959035}.Release|ARM.ActiveCfg = Release|iPhone
		{1FC71520-4FCC-4502-99F0-33C7D3959035}.Release|iPhone.ActiveCfg = Release|iPhone
		{1FC71520-4FCC-4502-99F0-33C7D3959035}.Release|iPhone.Build.0 = Release|iPhone
		{1FC71520-4FCC-4502-99F0-33C7D3959035}.Release|iPhoneSimulator.ActiveCfg = Release|iPhoneSimulator
		{1FC71520-4FCC-4502-99F0-33C7D3959035}.Release|iPhoneSimulator.Build.0 = Release|iPhoneSimulator
		{1FC71520-4FCC-4502-99F0-33C7D3959035}.Release|x64.ActiveCfg = Release|iPhone
		{1FC71520-4FCC-4502-99F0-33C7D3959035}.Release|x86.ActiveCfg = Release|iPhone
		{ACEBDE1F-126B-40CE-A5C9-3B5968BCE280}.Ad-Hoc|Any CPU.ActiveCfg = Release|x86
		{ACEBDE1F-126B-40CE-A5C9-3B5968BCE280}.Ad-Hoc|Any CPU.Build.0 = Release|x86
		{ACEBDE1F-126B-40CE-A5C9-3B5968BCE280}.Ad-Hoc|Any CPU.Deploy.0 = Release|x86
		{ACEBDE1F-126B-40CE-A5C9-3B5968BCE280}.Ad-Hoc|ARM.ActiveCfg = Release|ARM
		{ACEBDE1F-126B-40CE-A5C9-3B5968BCE280}.Ad-Hoc|ARM.Build.0 = Release|ARM
		{ACEBDE1F-126B-40CE-A5C9-3B5968BCE280}.Ad-Hoc|ARM.Deploy.0 = Release|ARM
		{ACEBDE1F-126B-40CE-A5C9-3B5968BCE280}.Ad-Hoc|iPhone.ActiveCfg = Release|x86
		{ACEBDE1F-126B-40CE-A5C9-3B5968BCE280}.Ad-Hoc|iPhone.Build.0 = Release|x86
		{ACEBDE1F-126B-40CE-A5C9-3B5968BCE280}.Ad-Hoc|iPhone.Deploy.0 = Release|x86
		{ACEBDE1F-126B-40CE-A5C9-3B5968BCE280}.Ad-Hoc|iPhoneSimulator.ActiveCfg = Release|x86
		{ACEBDE1F-126B-40CE-A5C9-3B5968BCE280}.Ad-Hoc|iPhoneSimulator.Build.0 = Release|x86
		{ACEBDE1F-126B-40CE-A5C9-3B5968BCE280}.Ad-Hoc|iPhoneSimulator.Deploy.0 = Release|x86
		{ACEBDE1F-126B-40CE-A5C9-3B5968BCE280}.Ad-Hoc|x64.ActiveCfg = Release|x64
		{ACEBDE1F-126B-40CE-A5C9-3B5968BCE280}.Ad-Hoc|x64.Build.0 = Release|x64
		{ACEBDE1F-126B-40CE-A5C9-3B5968BCE280}.Ad-Hoc|x64.Deploy.0 = Release|x64
		{ACEBDE1F-126B-40CE-A5C9-3B5968BCE280}.Ad-Hoc|x86.ActiveCfg = Release|x86
		{ACEBDE1F-126B-40CE-A5C9-3B5968BCE280}.Ad-Hoc|x86.Build.0 = Release|x86
		{ACEBDE1F-126B-40CE-A5C9-3B5968BCE280}.Ad-Hoc|x86.Deploy.0 = Release|x86
		{ACEBDE1F-126B-40CE-A5C9-3B5968BCE280}.AppStore|Any CPU.ActiveCfg = Release|x86
		{ACEBDE1F-126B-40CE-A5C9-3B5968BCE280}.AppStore|Any CPU.Build.0 = Release|x86
		{ACEBDE1F-126B-40CE-A5C9-3B5968BCE280}.AppStore|Any CPU.Deploy.0 = Release|x86
		{ACEBDE1F-126B-40CE-A5C9-3B5968BCE280}.AppStore|ARM.ActiveCfg = Release|ARM
		{ACEBDE1F-126B-40CE-A5C9-3B5968BCE280}.AppStore|ARM.Build.0 = Release|ARM
		{ACEBDE1F-126B-40CE-A5C9-3B5968BCE280}.AppStore|ARM.Deploy.0 = Release|ARM
		{ACEBDE1F-126B-40CE-A5C9-3B5968BCE280}.AppStore|iPhone.ActiveCfg = Release|x86
		{ACEBDE1F-126B-40CE-A5C9-3B5968BCE280}.AppStore|iPhone.Build.0 = Release|x86
		{ACEBDE1F-126B-40CE-A5C9-3B5968BCE280}.AppStore|iPhone.Deploy.0 = Release|x86
		{ACEBDE1F-126B-40CE-A5C9-3B5968BCE280}.AppStore|iPhoneSimulator.ActiveCfg = Release|x86
		{ACEBDE1F-126B-40CE-A5C9-3B5968BCE280}.AppStore|iPhoneSimulator.Build.0 = Release|x86
		{ACEBDE1F-126B-40CE-A5C9-3B5968BCE280}.AppStore|iPhoneSimulator.Deploy.0 = Release|x86
		{ACEBDE1F-126B-40CE-A5C9-3B5968BCE280}.AppStore|x64.ActiveCfg = Release|x64
		{ACEBDE1F-126B-40CE-A5C9-3B5968BCE280}.AppStore|x64.Build.0 = Release|x64
		{ACEBDE1F-126B-40CE-A5C9-3B5968BCE280}.AppStore|x64.Deploy.0 = Release|x64
		{ACEBDE1F-126B-40CE-A5C9-3B5968BCE280}.AppStore|x86.ActiveCfg = Release|x86
		{ACEBDE1F-126B-40CE-A5C9-3B5968BCE280}.AppStore|x86.Build.0 = Release|x86
		{ACEBDE1F-126B-40CE-A5C9-3B5968BCE280}.AppStore|x86.Deploy.0 = Release|x86
		{ACEBDE1F-126B-40CE-A5C9-3B5968BCE280}.Debug|Any CPU.ActiveCfg = Debug|x86
		{ACEBDE1F-126B-40CE-A5C9-3B5968BCE280}.Debug|ARM.ActiveCfg = Debug|ARM
		{ACEBDE1F-126B-40CE-A5C9-3B5968BCE280}.Debug|ARM.Build.0 = Debug|ARM
		{ACEBDE1F-126B-40CE-A5C9-3B5968BCE280}.Debug|ARM.Deploy.0 = Debug|ARM
		{ACEBDE1F-126B-40CE-A5C9-3B5968BCE280}.Debug|iPhone.ActiveCfg = Debug|x86
		{ACEBDE1F-126B-40CE-A5C9-3B5968BCE280}.Debug|iPhoneSimulator.ActiveCfg = Debug|x86
		{ACEBDE1F-126B-40CE-A5C9-3B5968BCE280}.Debug|x64.ActiveCfg = Debug|x64
		{ACEBDE1F-126B-40CE-A5C9-3B5968BCE280}.Debug|x64.Build.0 = Debug|x64
		{ACEBDE1F-126B-40CE-A5C9-3B5968BCE280}.Debug|x64.Deploy.0 = Debug|x64
		{ACEBDE1F-126B-40CE-A5C9-3B5968BCE280}.Debug|x86.ActiveCfg = Debug|x86
		{ACEBDE1F-126B-40CE-A5C9-3B5968BCE280}.Debug|x86.Build.0 = Debug|x86
		{ACEBDE1F-126B-40CE-A5C9-3B5968BCE280}.Debug|x86.Deploy.0 = Debug|x86
		{ACEBDE1F-126B-40CE-A5C9-3B5968BCE280}.Release|Any CPU.ActiveCfg = Release|x86
		{ACEBDE1F-126B-40CE-A5C9-3B5968BCE280}.Release|ARM.ActiveCfg = Release|ARM
		{ACEBDE1F-126B-40CE-A5C9-3B5968BCE280}.Release|ARM.Build.0 = Release|ARM
		{ACEBDE1F-126B-40CE-A5C9-3B5968BCE280}.Release|ARM.Deploy.0 = Release|ARM
		{ACEBDE1F-126B-40CE-A5C9-3B5968BCE280}.Release|iPhone.ActiveCfg = Release|x86
		{ACEBDE1F-126B-40CE-A5C9-3B5968BCE280}.Release|iPhoneSimulator.ActiveCfg = Release|x86
		{ACEBDE1F-126B-40CE-A5C9-3B5968BCE280}.Release|x64.ActiveCfg = Release|x64
		{ACEBDE1F-126B-40CE-A5C9-3B5968BCE280}.Release|x64.Build.0 = Release|x64
		{ACEBDE1F-126B-40CE-A5C9-3B5968BCE280}.Release|x64.Deploy.0 = Release|x64
		{ACEBDE1F-126B-40CE-A5C9-3B5968BCE280}.Release|x86.ActiveCfg = Release|x86
		{ACEBDE1F-126B-40CE-A5C9-3B5968BCE280}.Release|x86.Build.0 = Release|x86
		{ACEBDE1F-126B-40CE-A5C9-3B5968BCE280}.Release|x86.Deploy.0 = Release|x86
		{971DF516-D433-44CC-8AED-BF3A9A479FD9}.Ad-Hoc|Any CPU.ActiveCfg = Debug|Any CPU
		{971DF516-D433-44CC-8AED-BF3A9A479FD9}.Ad-Hoc|Any CPU.Build.0 = Debug|Any CPU
		{971DF516-D433-44CC-8AED-BF3A9A479FD9}.Ad-Hoc|ARM.ActiveCfg = Debug|Any CPU
		{971DF516-D433-44CC-8AED-BF3A9A479FD9}.Ad-Hoc|ARM.Build.0 = Debug|Any CPU
		{971DF516-D433-44CC-8AED-BF3A9A479FD9}.Ad-Hoc|iPhone.ActiveCfg = Debug|Any CPU
		{971DF516-D433-44CC-8AED-BF3A9A479FD9}.Ad-Hoc|iPhone.Build.0 = Debug|Any CPU
		{971DF516-D433-44CC-8AED-BF3A9A479FD9}.Ad-Hoc|iPhoneSimulator.ActiveCfg = Debug|Any CPU
		{971DF516-D433-44CC-8AED-BF3A9A479FD9}.Ad-Hoc|iPhoneSimulator.Build.0 = Debug|Any CPU
		{971DF516-D433-44CC-8AED-BF3A9A479FD9}.Ad-Hoc|x64.ActiveCfg = Debug|Any CPU
		{971DF516-D433-44CC-8AED-BF3A9A479FD9}.Ad-Hoc|x64.Build.0 = Debug|Any CPU
		{971DF516-D433-44CC-8AED-BF3A9A479FD9}.Ad-Hoc|x86.ActiveCfg = Debug|Any CPU
		{971DF516-D433-44CC-8AED-BF3A9A479FD9}.Ad-Hoc|x86.Build.0 = Debug|Any CPU
		{971DF516-D433-44CC-8AED-BF3A9A479FD9}.AppStore|Any CPU.ActiveCfg = Debug|Any CPU
		{971DF516-D433-44CC-8AED-BF3A9A479FD9}.AppStore|Any CPU.Build.0 = Debug|Any CPU
		{971DF516-D433-44CC-8AED-BF3A9A479FD9}.AppStore|ARM.ActiveCfg = Debug|Any CPU
		{971DF516-D433-44CC-8AED-BF3A9A479FD9}.AppStore|ARM.Build.0 = Debug|Any CPU
		{971DF516-D433-44CC-8AED-BF3A9A479FD9}.AppStore|iPhone.ActiveCfg = Debug|Any CPU
		{971DF516-D433-44CC-8AED-BF3A9A479FD9}.AppStore|iPhone.Build.0 = Debug|Any CPU
		{971DF516-D433-44CC-8AED-BF3A9A479FD9}.AppStore|iPhoneSimulator.ActiveCfg = Debug|Any CPU
		{971DF516-D433-44CC-8AED-BF3A9A479FD9}.AppStore|iPhoneSimulator.Build.0 = Debug|Any CPU
		{971DF516-D433-44CC-8AED-BF3A9A479FD9}.AppStore|x64.ActiveCfg = Debug|Any CPU
		{971DF516-D433-44CC-8AED-BF3A9A479FD9}.AppStore|x64.Build.0 = Debug|Any CPU
		{971DF516-D433-44CC-8AED-BF3A9A479FD9}.AppStore|x86.ActiveCfg = Debug|Any CPU
		{971DF516-D433-44CC-8AED-BF3A9A479FD9}.AppStore|x86.Build.0 = Debug|Any CPU
		{971DF516-D433-44CC-8AED-BF3A9A479FD9}.Debug|Any CPU.ActiveCfg = Debug|Any CPU
		{971DF516-D433-44CC-8AED-BF3A9A479FD9}.Debug|Any CPU.Build.0 = Debug|Any CPU
		{971DF516-D433-44CC-8AED-BF3A9A479FD9}.Debug|ARM.ActiveCfg = Debug|Any CPU
		{971DF516-D433-44CC-8AED-BF3A9A479FD9}.Debug|ARM.Build.0 = Debug|Any CPU
		{971DF516-D433-44CC-8AED-BF3A9A479FD9}.Debug|iPhone.ActiveCfg = Debug|Any CPU
		{971DF516-D433-44CC-8AED-BF3A9A479FD9}.Debug|iPhone.Build.0 = Debug|Any CPU
		{971DF516-D433-44CC-8AED-BF3A9A479FD9}.Debug|iPhoneSimulator.ActiveCfg = Debug|Any CPU
		{971DF516-D433-44CC-8AED-BF3A9A479FD9}.Debug|iPhoneSimulator.Build.0 = Debug|Any CPU
		{971DF516-D433-44CC-8AED-BF3A9A479FD9}.Debug|x64.ActiveCfg = Debug|Any CPU
		{971DF516-D433-44CC-8AED-BF3A9A479FD9}.Debug|x64.Build.0 = Debug|Any CPU
		{971DF516-D433-44CC-8AED-BF3A9A479FD9}.Debug|x86.ActiveCfg = Debug|Any CPU
		{971DF516-D433-44CC-8AED-BF3A9A479FD9}.Debug|x86.Build.0 = Debug|Any CPU
		{971DF516-D433-44CC-8AED-BF3A9A479FD9}.Release|Any CPU.ActiveCfg = Release|Any CPU
		{971DF516-D433-44CC-8AED-BF3A9A479FD9}.Release|Any CPU.Build.0 = Release|Any CPU
		{971DF516-D433-44CC-8AED-BF3A9A479FD9}.Release|ARM.ActiveCfg = Release|Any CPU
		{971DF516-D433-44CC-8AED-BF3A9A479FD9}.Release|ARM.Build.0 = Release|Any CPU
		{971DF516-D433-44CC-8AED-BF3A9A479FD9}.Release|iPhone.ActiveCfg = Release|Any CPU
		{971DF516-D433-44CC-8AED-BF3A9A479FD9}.Release|iPhone.Build.0 = Release|Any CPU
		{971DF516-D433-44CC-8AED-BF3A9A479FD9}.Release|iPhoneSimulator.ActiveCfg = Release|Any CPU
		{971DF516-D433-44CC-8AED-BF3A9A479FD9}.Release|iPhoneSimulator.Build.0 = Release|Any CPU
		{971DF516-D433-44CC-8AED-BF3A9A479FD9}.Release|x64.ActiveCfg = Release|Any CPU
		{971DF516-D433-44CC-8AED-BF3A9A479FD9}.Release|x64.Build.0 = Release|Any CPU
		{971DF516-D433-44CC-8AED-BF3A9A479FD9}.Release|x86.ActiveCfg = Release|Any CPU
		{971DF516-D433-44CC-8AED-BF3A9A479FD9}.Release|x86.Build.0 = Release|Any CPU
	EndGlobalSection
	GlobalSection(SolutionProperties) = preSolution
		HideSolutionNode = FALSE
	EndGlobalSection
	GlobalSection(ExtensibilityGlobals) = postSolution
		SolutionGuid = {8559F876-8E15-46E2-B7B9-2B8CABE9B35B}
	EndGlobalSection
EndGlobal
